{
  "name": "validate-pr-template-action",
  "version": "1.0.0",
  "lockfileVersion": 1,
  "requires": true,
  "dependencies": {
    "@actions/core": {
      "version": "1.2.6",
      "resolved": "https://artifactory.corp.tanium.com:443/api/npm/tanium-npm/@actions/core/-/core-1.2.6.tgz",
      "integrity": "sha1-p41J9BpN7xjojOR8LKxhXVaUvwk="
    }
  }
}
